
Microsoft Visual Studio Solution File, Format Version 12.00
# Visual Studio Version 16
VisualStudioVersion = 16.0.29102.190
MinimumVisualStudioVersion = 10.0.40219.1
Project("{FAE04EC0-301F-11D3-BF4B-00C04F79EFBC}") = "TestTaskWPF", "TestTaskWPF\TestTaskWPF.csproj", "{34929EF9-427A-495D-BDC4-A11C3C4C1F90}"
EndProject
Global
	GlobalSection(SolutionConfigurationPlatforms) = preSolution
		Debug|Any CPU = Debug|Any CPU
		Release|Any CPU = Release|Any CPU
	EndGlobalSection
	GlobalSection(ProjectConfigurationPlatforms) = postSolution
		{34929EF9-427A-495D-BDC4-A11C3C4C1F90}.Debug|Any CPU.ActiveCfg = Debug|Any CPU
		{34929EF9-427A-495D-BDC4-A11C3C4C1F90}.Debug|Any CPU.Build.0 = Debug|Any CPU
		{34929EF9-427A-495D-BDC4-A11C3C4C1F90}.Release|Any CPU.ActiveCfg = Release|Any CPU
		{34929EF9-427A-495D-BDC4-A11C3C4C1F90}.Release|Any CPU.Build.0 = Release|Any CPU
	EndGlobalSection
	GlobalSection(SolutionProperties) = preSolution
		HideSolutionNode = FALSE
	EndGlobalSection
	GlobalSection(ExtensibilityGlobals) = postSolution
		SolutionGuid = {22767552-8935-450F-A326-97444DED009C}
	EndGlobalSection
EndGlobal
